// !$*UTF8*$!
{
	archiveVersion = 1;
	classes = {
	};
	objectVersion = 46;
	objects = {

/* Begin PBXBuildFile section */
		EC0537E41E352EBC004C27B1 /* main.m in Sources */ = {isa = PBXBuildFile; fileRef = EC0537E31E352EBC004C27B1 /* main.m */; };
		EC0537E71E352EBC004C27B1 /* AppDelegate.m in Sources */ = {isa = PBXBuildFile; fileRef = EC0537E61E352EBC004C27B1 /* AppDelegate.m */; };
		EC0537E91E352EBC004C27B1 /* GameScene.sks in Resources */ = {isa = PBXBuildFile; fileRef = EC0537E81E352EBC004C27B1 /* GameScene.sks */; };
		EC0537EB1E352EBC004C27B1 /* Actions.sks in Resources */ = {isa = PBXBuildFile; fileRef = EC0537EA1E352EBC004C27B1 /* Actions.sks */; };
		EC0537EE1E352EBC004C27B1 /* GameScene.m in Sources */ = {isa = PBXBuildFile; fileRef = EC0537ED1E352EBC004C27B1 /* GameScene.m */; };
		EC0537F11E352EBC004C27B1 /* GameViewController.m in Sources */ = {isa = PBXBuildFile; fileRef = EC0537F01E352EBC004C27B1 /* GameViewController.m */; };
		EC0537F41E352EBC004C27B1 /* Main.storyboard in Resources */ = {isa = PBXBuildFile; fileRef = EC0537F21E352EBC004C27B1 /* Main.storyboard */; };
		EC0537F61E352EBC004C27B1 /* Assets.xcassets in Resources */ = {isa = PBXBuildFile; fileRef = EC0537F51E352EBC004C27B1 /* Assets.xcassets */; };
		EC0537F91E352EBC004C27B1 /* LaunchScreen.storyboard in Resources */ = {isa = PBXBuildFile; fileRef = EC0537F71E352EBC004C27B1 /* LaunchScreen.storyboard */; };
		EC0538021E352EFF004C27B1 /* Mjehuric.m in Sources */ = {isa = PBXBuildFile; fileRef = EC0538011E352EFF004C27B1 /* Mjehuric.m */; };
		EC0538041E353180004C27B1 /* mjehuric.png in Resources */ = {isa = PBXBuildFile; fileRef = EC0538031E353180004C27B1 /* mjehuric.png */; };
		EC0538061E35318B004C27B1 /* deepSea.jpg in Resources */ = {isa = PBXBuildFile; fileRef = EC0538051E35318B004C27B1 /* deepSea.jpg */; };
		EC0538091E354838004C27B1 /* IzvorMjehurica.m in Sources */ = {isa = PBXBuildFile; fileRef = EC0538081E354838004C27B1 /* IzvorMjehurica.m */; };
		EC1979831E368FF300953F5B /* Ronilac.m in Sources */ = {isa = PBXBuildFile; fileRef = EC1979821E368FF300953F5B /* Ronilac.m */; };
		ECBE857C1E3752A0005A8F46 /* scuba1.png in Resources */ = {isa = PBXBuildFile; fileRef = ECBE85741E3752A0005A8F46 /* scuba1.png */; };
		ECBE857D1E3752A0005A8F46 /* scuba2.png in Resources */ = {isa = PBXBuildFile; fileRef = ECBE85751E3752A0005A8F46 /* scuba2.png */; };
		ECBE857E1E3752A0005A8F46 /* scuba3.png in Resources */ = {isa = PBXBuildFile; fileRef = ECBE85761E3752A0005A8F46 /* scuba3.png */; };
		ECBE857F1E3752A0005A8F46 /* scuba4.png in Resources */ = {isa = PBXBuildFile; fileRef = ECBE85771E3752A0005A8F46 /* scuba4.png */; };
		ECBE85801E3752A0005A8F46 /* scuba5.png in Resources */ = {isa = PBXBuildFile; fileRef = ECBE85781E3752A0005A8F46 /* scuba5.png */; };
		ECBE85811E3752A0005A8F46 /* scuba6.png in Resources */ = {isa = PBXBuildFile; fileRef = ECBE85791E3752A0005A8F46 /* scuba6.png */; };
		ECBE85821E3752A0005A8F46 /* scuba7.png in Resources */ = {isa = PBXBuildFile; fileRef = ECBE857A1E3752A0005A8F46 /* scuba7.png */; };
		ECBE85831E3752A0005A8F46 /* scuba8.png in Resources */ = {isa = PBXBuildFile; fileRef = ECBE857B1E3752A0005A8F46 /* scuba8.png */; };
/* End PBXBuildFile section */

/* Begin PBXFileReference section */
		EC0537DF1E352EBC004C27B1 /* DeepSea.app */ = {isa = PBXFileReference; explicitFileType = wrapper.application; includeInIndex = 0; path = DeepSea.app; sourceTree = BUILT_PRODUCTS_DIR; };
		EC0537E31E352EBC004C27B1 /* main.m */ = {isa = PBXFileReference; lastKnownFileType = sourcecode.c.objc; path = main.m; sourceTree = "<group>"; };
		EC0537E51E352EBC004C27B1 /* AppDelegate.h */ = {isa = PBXFileReference; lastKnownFileType = sourcecode.c.h; path = AppDelegate.h; sourceTree = "<group>"; };
		EC0537E61E352EBC004C27B1 /* AppDelegate.m */ = {isa = PBXFileReference; lastKnownFileType = sourcecode.c.objc; path = AppDelegate.m; sourceTree = "<group>"; };
		EC0537E81E352EBC004C27B1 /* GameScene.sks */ = {isa = PBXFileReference; lastKnownFileType = file.sks; path = GameScene.sks; sourceTree = "<group>"; };
		EC0537EA1E352EBC004C27B1 /* Actions.sks */ = {isa = PBXFileReference; lastKnownFileType = file.sks; path = Actions.sks; sourceTree = "<group>"; };
		EC0537EC1E352EBC004C27B1 /* GameScene.h */ = {isa = PBXFileReference; lastKnownFileType = sourcecode.c.h; path = GameScene.h; sourceTree = "<group>"; };
		EC0537ED1E352EBC004C27B1 /* GameScene.m */ = {isa = PBXFileReference; lastKnownFileType = sourcecode.c.objc; path = GameScene.m; sourceTree = "<group>"; };
		EC0537EF1E352EBC004C27B1 /* GameViewController.h */ = {isa = PBXFileReference; lastKnownFileType = sourcecode.c.h; path = GameViewController.h; sourceTree = "<group>"; };
		EC0537F01E352EBC004C27B1 /* GameViewController.m */ = {isa = PBXFileReference; lastKnownFileType = sourcecode.c.objc; path = GameViewController.m; sourceTree = "<group>"; };
		EC0537F31E352EBC004C27B1 /* Base */ = {isa = PBXFileReference; lastKnownFileType = file.storyboard; name = Base; path = Base.lproj/Main.storyboard; sourceTree = "<group>"; };
		EC0537F51E352EBC004C27B1 /* Assets.xcassets */ = {isa = PBXFileReference; lastKnownFileType = folder.assetcatalog; path = Assets.xcassets; sourceTree = "<group>"; };
		EC0537F81E352EBC004C27B1 /* Base */ = {isa = PBXFileReference; lastKnownFileType = file.storyboard; name = Base; path = Base.lproj/LaunchScreen.storyboard; sourceTree = "<group>"; };
		EC0537FA1E352EBC004C27B1 /* Info.plist */ = {isa = PBXFileReference; lastKnownFileType = text.plist.xml; path = Info.plist; sourceTree = "<group>"; };
		EC0538001E352EFF004C27B1 /* Mjehuric.h */ = {isa = PBXFileReference; fileEncoding = 4; lastKnownFileType = sourcecode.c.h; path = Mjehuric.h; sourceTree = "<group>"; };
		EC0538011E352EFF004C27B1 /* Mjehuric.m */ = {isa = PBXFileReference; fileEncoding = 4; lastKnownFileType = sourcecode.c.objc; path = Mjehuric.m; sourceTree = "<group>"; };
		EC0538031E353180004C27B1 /* mjehuric.png */ = {isa = PBXFileReference; lastKnownFileType = image.png; path = mjehuric.png; sourceTree = "<group>"; };
		EC0538051E35318B004C27B1 /* deepSea.jpg */ = {isa = PBXFileReference; lastKnownFileType = image.jpeg; path = deepSea.jpg; sourceTree = "<group>"; };
		EC0538071E354838004C27B1 /* IzvorMjehurica.h */ = {isa = PBXFileReference; fileEncoding = 4; lastKnownFileType = sourcecode.c.h; path = IzvorMjehurica.h; sourceTree = "<group>"; };
		EC0538081E354838004C27B1 /* IzvorMjehurica.m */ = {isa = PBXFileReference; fileEncoding = 4; lastKnownFileType = sourcecode.c.objc; path = IzvorMjehurica.m; sourceTree = "<group>"; };
		EC1979811E368FF300953F5B /* Ronilac.h */ = {isa = PBXFileReference; fileEncoding = 4; lastKnownFileType = sourcecode.c.h; path = Ronilac.h; sourceTree = "<group>"; };
		EC1979821E368FF300953F5B /* Ronilac.m */ = {isa = PBXFileReference; fileEncoding = 4; lastKnownFileType = sourcecode.c.objc; path = Ronilac.m; sourceTree = "<group>"; };
		ECBE85741E3752A0005A8F46 /* scuba1.png */ = {isa = PBXFileReference; lastKnownFileType = image.png; path = scuba1.png; sourceTree = "<group>"; };
		ECBE85751E3752A0005A8F46 /* scuba2.png */ = {isa = PBXFileReference; lastKnownFileType = image.png; path = scuba2.png; sourceTree = "<group>"; };
		ECBE85761E3752A0005A8F46 /* scuba3.png */ = {isa = PBXFileReference; lastKnownFileType = image.png; path = scuba3.png; sourceTree = "<group>"; };
		ECBE85771E3752A0005A8F46 /* scuba4.png */ = {isa = PBXFileReference; lastKnownFileType = image.png; path = scuba4.png; sourceTree = "<group>"; };
		ECBE85781E3752A0005A8F46 /* scuba5.png */ = {isa = PBXFileReference; lastKnownFileType = image.png; path = scuba5.png; sourceTree = "<group>"; };
		ECBE85791E3752A0005A8F46 /* scuba6.png */ = {isa = PBXFileReference; lastKnownFileType = image.png; path = scuba6.png; sourceTree = "<group>"; };
		ECBE857A1E3752A0005A8F46 /* scuba7.png */ = {isa = PBXFileReference; lastKnownFileType = image.png; path = scuba7.png; sourceTree = "<group>"; };
		ECBE857B1E3752A0005A8F46 /* scuba8.png */ = {isa = PBXFileReference; lastKnownFileType = image.png; path = scuba8.png; sourceTree = "<group>"; };
/* End PBXFileReference section */

/* Begin PBXFrameworksBuildPhase section */
		EC0537DC1E352EBC004C27B1 /* Frameworks */ = {
			isa = PBXFrameworksBuildPhase;
			buildActionMask = 2147483647;
			files = (
			);
			runOnlyForDeploymentPostprocessing = 0;
		};
/* End PBXFrameworksBuildPhase section */

/* Begin PBXGroup section */
		EC0537D61E352EBC004C27B1 = {
			isa = PBXGroup;
			children = (
				EC0538051E35318B004C27B1 /* deepSea.jpg */,
				EC0538031E353180004C27B1 /* mjehuric.png */,
				ECBE85741E3752A0005A8F46 /* scuba1.png */,
				ECBE85751E3752A0005A8F46 /* scuba2.png */,
				ECBE85761E3752A0005A8F46 /* scuba3.png */,
				ECBE85771E3752A0005A8F46 /* scuba4.png */,
				ECBE85781E3752A0005A8F46 /* scuba5.png */,
				ECBE85791E3752A0005A8F46 /* scuba6.png */,
				ECBE857A1E3752A0005A8F46 /* scuba7.png */,
				ECBE857B1E3752A0005A8F46 /* scuba8.png */,
				EC0537E11E352EBC004C27B1 /* DeepSea */,
				EC0537E01E352EBC004C27B1 /* Products */,
			);
			sourceTree = "<group>";
		};
		EC0537E01E352EBC004C27B1 /* Products */ = {
			isa = PBXGroup;
			children = (
				EC0537DF1E352EBC004C27B1 /* DeepSea.app */,
			);
			name = Products;
			sourceTree = "<group>";
		};
		EC0537E11E352EBC004C27B1 /* DeepSea */ = {
			isa = PBXGroup;
			children = (
				EC0537E51E352EBC004C27B1 /* AppDelegate.h */,
				EC0537E61E352EBC004C27B1 /* AppDelegate.m */,
				EC0537E81E352EBC004C27B1 /* GameScene.sks */,
				EC0537EA1E352EBC004C27B1 /* Actions.sks */,
				EC0538001E352EFF004C27B1 /* Mjehuric.h */,
				EC0538011E352EFF004C27B1 /* Mjehuric.m */,
				EC0538071E354838004C27B1 /* IzvorMjehurica.h */,
				EC0538081E354838004C27B1 /* IzvorMjehurica.m */,
				EC1979811E368FF300953F5B /* Ronilac.h */,
				EC1979821E368FF300953F5B /* Ronilac.m */,
				EC0537EC1E352EBC004C27B1 /* GameScene.h */,
				EC0537ED1E352EBC004C27B1 /* GameScene.m */,
				EC0537EF1E352EBC004C27B1 /* GameViewController.h */,
				EC0537F01E352EBC004C27B1 /* GameViewController.m */,
				EC0537F21E352EBC004C27B1 /* Main.storyboard */,
				EC0537F51E352EBC004C27B1 /* Assets.xcassets */,
				EC0537F71E352EBC004C27B1 /* LaunchScreen.storyboard */,
				EC0537FA1E352EBC004C27B1 /* Info.plist */,
				EC0537E21E352EBC004C27B1 /* Supporting Files */,
			);
			path = DeepSea;
			sourceTree = "<group>";
		};
		EC0537E21E352EBC004C27B1 /* Supporting Files */ = {
			isa = PBXGroup;
			children = (
				EC0537E31E352EBC004C27B1 /* main.m */,
			);
			name = "Supporting Files";
			sourceTree = "<group>";
		};
/* End PBXGroup section */

/* Begin PBXNativeTarget section */
		EC0537DE1E352EBC004C27B1 /* DeepSea */ = {
			isa = PBXNativeTarget;
			buildConfigurationList = EC0537FD1E352EBC004C27B1 /* Build configuration list for PBXNativeTarget "DeepSea" */;
			buildPhases = (
				EC0537DB1E352EBC004C27B1 /* Sources */,
				EC0537DC1E352EBC004C27B1 /* Frameworks */,
				EC0537DD1E352EBC004C27B1 /* Resources */,
			);
			buildRules = (
			);
			dependencies = (
			);
			name = DeepSea;
			productName = DeepSea;
			productReference = EC0537DF1E352EBC004C27B1 /* DeepSea.app */;
			productType = "com.apple.product-type.application";
		};
/* End PBXNativeTarget section */

/* Begin PBXProject section */
		EC0537D71E352EBC004C27B1 /* Project object */ = {
			isa = PBXProject;
			attributes = {
				LastUpgradeCheck = 0820;
				ORGANIZATIONNAME = "Anton Orzes";
				TargetAttributes = {
					EC0537DE1E352EBC004C27B1 = {
						CreatedOnToolsVersion = 8.2.1;
						DevelopmentTeam = 8Z7M987K48;
						ProvisioningStyle = Automatic;
					};
				};
			};
			buildConfigurationList = EC0537DA1E352EBC004C27B1 /* Build configuration list for PBXProject "DeepSea" */;
			compatibilityVersion = "Xcode 3.2";
			developmentRegion = English;
			hasScannedForEncodings = 0;
			knownRegions = (
				en,
				Base,
			);
			mainGroup = EC0537D61E352EBC004C27B1;
			productRefGroup = EC0537E01E352EBC004C27B1 /* Products */;
			projectDirPath = "";
			projectRoot = "";
			targets = (
				EC0537DE1E352EBC004C27B1 /* DeepSea */,
			);
		};
/* End PBXProject section */

/* Begin PBXResourcesBuildPhase section */
		EC0537DD1E352EBC004C27B1 /* Resources */ = {
			isa = PBXResourcesBuildPhase;
			buildActionMask = 2147483647;
			files = (
				ECBE85801E3752A0005A8F46 /* scuba5.png in Resources */,
				EC0538061E35318B004C27B1 /* deepSea.jpg in Resources */,
				ECBE85811E3752A0005A8F46 /* scuba6.png in Resources */,
				EC0537F41E352EBC004C27B1 /* Main.storyboard in Resources */,
				EC0537E91E352EBC004C27B1 /* GameScene.sks in Resources */,
				EC0537F61E352EBC004C27B1 /* Assets.xcassets in Resources */,
				ECBE85831E3752A0005A8F46 /* scuba8.png in Resources */,
				ECBE857C1E3752A0005A8F46 /* scuba1.png in Resources */,
				EC0537F91E352EBC004C27B1 /* LaunchScreen.storyboard in Resources */,
				ECBE85821E3752A0005A8F46 /* scuba7.png in Resources */,
				ECBE857E1E3752A0005A8F46 /* scuba3.png in Resources */,
				ECBE857D1E3752A0005A8F46 /* scuba2.png in Resources */,
				EC0538041E353180004C27B1 /* mjehuric.png in Resources */,
				EC0537EB1E352EBC004C27B1 /* Actions.sks in Resources */,
				ECBE857F1E3752A0005A8F46 /* scuba4.png in Resources */,
			);
			runOnlyForDeploymentPostprocessing = 0;
		};
/* End PBXResourcesBuildPhase section */

/* Begin PBXSourcesBuildPhase section */
		EC0537DB1E352EBC004C27B1 /* Sources */ = {
			isa = PBXSourcesBuildPhase;
			buildActionMask = 2147483647;
			files = (
				EC0537F11E352EBC004C27B1 /* GameViewController.m in Sources */,
				EC1979831E368FF300953F5B /* Ronilac.m in Sources */,
				EC0538091E354838004C27B1 /* IzvorMjehurica.m in Sources */,
				EC0537E71E352EBC004C27B1 /* AppDelegate.m in Sources */,
				EC0537EE1E352EBC004C27B1 /* GameScene.m in Sources */,
				EC0538021E352EFF004C27B1 /* Mjehuric.m in Sources */,
				EC0537E41E352EBC004C27B1 /* main.m in Sources */,
			);
			runOnlyForDeploymentPostprocessing = 0;
		};
/* End PBXSourcesBuildPhase section */

/* Begin PBXVariantGroup section */
		EC0537F21E352EBC004C27B1 /* Main.storyboard */ = {
			isa = PBXVariantGroup;
			children = (
				EC0537F31E352EBC004C27B1 /* Base */,
			);
			name = Main.storyboard;
			sourceTree = "<group>";
		};
		EC0537F71E352EBC004C27B1 /* LaunchScreen.storyboard */ = {
			isa = PBXVariantGroup;
			children = (
				EC0537F81E352EBC004C27B1 /* Base */,
			);
			name = LaunchScreen.storyboard;
			sourceTree = "<group>";
		};
/* End PBXVariantGroup section */

/* Begin XCBuildConfiguration section */
		EC0537FB1E352EBC004C27B1 /* Debug */ = {
			isa = XCBuildConfiguration;
			buildSettings = {
				ALWAYS_SEARCH_USER_PATHS = NO;
				CLANG_ANALYZER_NONNULL = YES;
				CLANG_CXX_LANGUAGE_STANDARD = "gnu++0x";
				CLANG_CXX_LIBRARY = "libc++";
				CLANG_ENABLE_MODULES = YES;
				CLANG_ENABLE_OBJC_ARC = YES;
				CLANG_WARN_BOOL_CONVERSION = YES;
				CLANG_WARN_CONSTANT_CONVERSION = YES;
				CLANG_WARN_DIRECT_OBJC_ISA_USAGE = YES_ERROR;
				CLANG_WARN_DOCUMENTATION_COMMENTS = YES;
				CLANG_WARN_EMPTY_BODY = YES;
				CLANG_WARN_ENUM_CONVERSION = YES;
				CLANG_WARN_INFINITE_RECURSION = YES;
				CLANG_WARN_INT_CONVERSION = YES;
				CLANG_WARN_OBJC_ROOT_CLASS = YES_ERROR;
				CLANG_WARN_SUSPICIOUS_MOVE = YES;
				CLANG_WARN_UNREACHABLE_CODE = YES;
				CLANG_WARN__DUPLICATE_METHOD_MATCH = YES;
				"CODE_SIGN_IDENTITY[sdk=iphoneos*]" = "iPhone Developer";
				COPY_PHASE_STRIP = NO;
				DEBUG_INFORMATION_FORMAT = dwarf;
				ENABLE_STRICT_OBJC_MSGSEND = YES;
				ENABLE_TESTABILITY = YES;
				GCC_C_LANGUAGE_STANDARD = gnu99;
				GCC_DYNAMIC_NO_PIC = NO;
				GCC_NO_COMMON_BLOCKS = YES;
				GCC_OPTIMIZATION_LEVEL = 0;
				GCC_PREPROCESSOR_DEFINITIONS = (
					"DEBUG=1",
					"$(inherited)",
				);
				GCC_WARN_64_TO_32_BIT_CONVERSION = YES;
				GCC_WARN_ABOUT_RETURN_TYPE = YES_ERROR;
				GCC_WARN_UNDECLARED_SELECTOR = YES;
				GCC_WARN_UNINITIALIZED_AUTOS = YES_AGGRESSIVE;
				GCC_WARN_UNUSED_FUNCTION = YES;
				GCC_WARN_UNUSED_VARIABLE = YES;
				IPHONEOS_DEPLOYMENT_TARGET = 10.2;
				MTL_ENABLE_DEBUG_INFO = YES;
				ONLY_ACTIVE_ARCH = YES;
				SDKROOT = iphoneos;
				TARGETED_DEVICE_FAMILY = "1,2";
			};
			name = Debug;
		};
		EC0537FC1E352EBC004C27B1 /* Release */ = {
			isa = XCBuildConfiguration;
			buildSettings = {
				ALWAYS_SEARCH_USER_PATHS = NO;
				CLANG_ANALYZER_NONNULL = YES;
				CLANG_CXX_LANGUAGE_STANDARD = "gnu++0x";
				CLANG_CXX_LIBRARY = "libc++";
				CLANG_ENABLE_MODULES = YES;
				CLANG_ENABLE_OBJC_ARC = YES;
				CLANG_WARN_BOOL_CONVERSION = YES;
				CLANG_WARN_CONSTANT_CONVERSION = YES;
				CLANG_WARN_DIRECT_OBJC_ISA_USAGE = YES_ERROR;
				CLANG_WARN_DOCUMENTATION_COMMENTS = YES;
				CLANG_WARN_EMPTY_BODY = YES;
				CLANG_WARN_ENUM_CONVERSION = YES;
				CLANG_WARN_INFINITE_RECURSION = YES;
				CLANG_WARN_INT_CONVERSION = YES;
				CLANG_WARN_OBJC_ROOT_CLASS = YES_ERROR;
				CLANG_WARN_SUSPICIOUS_MOVE = YES;
				CLANG_WARN_UNREACHABLE_CODE = YES;
				CLANG_WARN__DUPLICATE_METHOD_MATCH = YES;
				"CODE_SIGN_IDENTITY[sdk=iphoneos*]" = "iPhone Developer";
				COPY_PHASE_STRIP = NO;
				DEBUG_INFORMATION_FORMAT = "dwarf-with-dsym";
				ENABLE_NS_ASSERTIONS = NO;
				ENABLE_STRICT_OBJC_MSGSEND = YES;
				GCC_C_LANGUAGE_STANDARD = gnu99;
				GCC_NO_COMMON_BLOCKS = YES;
				GCC_WARN_64_TO_32_BIT_CONVERSION = YES;
				GCC_WARN_ABOUT_RETURN_TYPE = YES_ERROR;
				GCC_WARN_UNDECLARED_SELECTOR = YES;
				GCC_WARN_UNINITIALIZED_AUTOS = YES_AGGRESSIVE;
				GCC_WARN_UNUSED_FUNCTION = YES;
				GCC_WARN_UNUSED_VARIABLE = YES;
				IPHONEOS_DEPLOYMENT_TARGET = 10.2;
				MTL_ENABLE_DEBUG_INFO = NO;
				SDKROOT = iphoneos;
				TARGETED_DEVICE_FAMILY = "1,2";
				VALIDATE_PRODUCT = YES;
			};
			name = Release;
		};
		EC0537FE1E352EBC004C27B1 /* Debug */ = {
			isa = XCBuildConfiguration;
			buildSettings = {
				ASSETCATALOG_COMPILER_APPICON_NAME = AppIcon;
				DEVELOPMENT_TEAM = 8Z7M987K48;
				INFOPLIST_FILE = DeepSea/Info.plist;
				LD_RUNPATH_SEARCH_PATHS = "$(inherited) @executable_path/Frameworks";
				PRODUCT_BUNDLE_IDENTIFIER = orzes.DeepSea;
				PRODUCT_NAME = "$(TARGET_NAME)";
			};
			name = Debug;
		};
		EC0537FF1E352EBC004C27B1 /* Release */ = {
			isa = XCBuildConfiguration;
			buildSettings = {
				ASSETCATALOG_COMPILER_APPICON_NAME = AppIcon;
				DEVELOPMENT_TEAM = 8Z7M987K48;
				INFOPLIST_FILE = DeepSea/Info.plist;
				LD_RUNPATH_SEARCH_PATHS = "$(inherited) @executable_path/Frameworks";
				PRODUCT_BUNDLE_IDENTIFIER = orzes.DeepSea;
				PRODUCT_NAME = "$(TARGET_NAME)";
			};
			name = Release;
		};
/* End XCBuildConfiguration section */

/* Begin XCConfigurationList section */
		EC0537DA1E352EBC004C27B1 /* Build configuration list for PBXProject "DeepSea" */ = {
			isa = XCConfigurationList;
			buildConfigurations = (
				EC0537FB1E352EBC004C27B1 /* Debug */,
				EC0537FC1E352EBC004C27B1 /* Release */,
			);
			defaultConfigurationIsVisible = 0;
			defaultConfigurationName = Release;
		};
		EC0537FD1E352EBC004C27B1 /* Build configuration list for PBXNativeTarget "DeepSea" */ = {
			isa = XCConfigurationList;
			buildConfigurations = (
				EC0537FE1E352EBC004C27B1 /* Debug */,
				EC0537FF1E352EBC004C27B1 /* Release */,
			);
			defaultConfigurationIsVisible = 0;
			defaultConfigurationName = Release;
		};
/* End XCConfigurationList section */
	};
	rootObject = EC0537D71E352EBC004C27B1 /* Project object */;
}
